<?xml version="1.0" encoding="utf-8"?>
<Project ToolsVersion="4.0" xmlns="http://schemas.microsoft.com/developer/msbuild/2003">
  <ItemGroup>
    <Filter Include="Source Files">
      <UniqueIdentifier>{4FC737F1-C7A5-4376-A066-2A32D752A2FF}</UniqueIdentifier>
      <Extensions>cpp;c;cc;cxx;def;odl;idl;hpj;bat;asm;asmx</Extensions>
    </Filter>
    <Filter Include="Header Files">
      <UniqueIdentifier>{93995380-89BD-4b04-88EB-625FBE52EBFB}</UniqueIdentifier>
      <Extensions>h;hpp;hxx;hm;inl;inc;xsd</Extensions>
    </Filter>
    <Filter Include="Resource Files">
      <UniqueIdentifier>{67DA6AB6-F800-4c08-8B7A-83BB121AAD01}</UniqueIdentifier>
      <Extensions>rc;ico;cur;bmp;dlg;rc2;rct;bin;rgs;gif;jpg;jpeg;jpe;resx;tiff;tif;png;wav;mfcribbon-ms</Extensions>
    </Filter>
    <Filter Include="AES">
      <UniqueIdentifier>{4f13d79e-c838-4b0e-9ea5-f5b0812a3032}</UniqueIdentifier>
    </Filter>
  </ItemGroup>
  <ItemGroup>
    <Text Include="ReadMe.txt" />
  </ItemGroup>
  <ItemGroup>
    <ClCompile Include="dllmain.cpp">
      <Filter>Source Files</Filter>
    </ClCompile>
    <ClCompile Include="AnnexB.cpp">
      <Filter>Source Files</Filter>
    </ClCompile>
    <ClCompile Include="AudioDecoder.cpp">
      <Filter>Source Files</Filter>
    </ClCompile>
    <ClCompile Include="ClearKeyDecryptionManager.cpp">
      <Filter>Source Files</Filter>
    </ClCompile>
    <ClCompile Include="ClearKeyPersistence.cpp">
      <Filter>Source Files</Filter>
    </ClCompile>
    <ClCompile Include="ClearKeySession.cpp">
      <Filter>Source Files</Filter>
    </ClCompile>
    <ClCompile Include="ClearKeySessionManager.cpp">
      <Filter>Source Files</Filter>
    </ClCompile>
    <ClCompile Include="ClearKeyStorage.cpp">
      <Filter>Source Files</Filter>
    </ClCompile>
    <ClCompile Include="ClearKeyUtils.cpp">
      <Filter>Source Files</Filter>
    </ClCompile>
    <ClCompile Include="gmp-clearkey.cpp">
      <Filter>Source Files</Filter>
    </ClCompile>
    <ClCompile Include="VideoDecoder.cpp">
      <Filter>Source Files</Filter>
    </ClCompile>
    <ClCompile Include="WMFAACDecoder.cpp">
      <Filter>Source Files</Filter>
    </ClCompile>
    <ClCompile Include="WMFH264Decoder.cpp">
      <Filter>Source Files</Filter>
    </ClCompile>
    <ClCompile Include="WMFUtils.cpp">
      <Filter>Source Files</Filter>
    </ClCompile>
    <ClCompile Include="openaes\oaes_lib.c">
      <Filter>AES</Filter>
    </ClCompile>
    <ClCompile Include="ClearKeyBase64.cpp">
      <Filter>Source Files</Filter>
    </ClCompile>
    <ClCompile Include="ClearKeyAsyncShutdown.cpp">
      <Filter>Source Files</Filter>
    </ClCompile>
  </ItemGroup>
  <ItemGroup>
    <ClInclude Include="AnnexB.h">
      <Filter>Header Files</Filter>
    </ClInclude>
    <ClInclude Include="AudioDecoder.h">
      <Filter>Header Files</Filter>
    </ClInclude>
    <ClInclude Include="ClearKeyDecryptionManager.h">
      <Filter>Header Files</Filter>
    </ClInclude>
    <ClInclude Include="ClearKeyPersistence.h">
      <Filter>Header Files</Filter>
    </ClInclude>
    <ClInclude Include="ClearKeySession.h">
      <Filter>Header Files</Filter>
    </ClInclude>
    <ClInclude Include="ClearKeySessionManager.h">
      <Filter>Header Files</Filter>
    </ClInclude>
    <ClInclude Include="ClearKeyStorage.h">
      <Filter>Header Files</Filter>
    </ClInclude>
    <ClInclude Include="ClearKeyUtils.h">
      <Filter>Header Files</Filter>
    </ClInclude>
    <ClInclude Include="gmp-task-utils.h">
      <Filter>Header Files</Filter>
    </ClInclude>
    <ClInclude Include="gmp-task-utils-generated.h">
      <Filter>Header Files</Filter>
    </ClInclude>
    <ClInclude Include="RefCounted.h">
      <Filter>Header Files</Filter>
    </ClInclude>
    <ClInclude Include="VideoDecoder.h">
      <Filter>Header Files</Filter>
    </ClInclude>
    <ClInclude Include="WMFAACDecoder.h">
      <Filter>Header Files</Filter>
    </ClInclude>
    <ClInclude Include="WMFH264Decoder.h">
      <Filter>Header Files</Filter>
    </ClInclude>
    <ClInclude Include="WMFSymbols.h">
      <Filter>Header Files</Filter>
    </ClInclude>
    <ClInclude Include="WMFUtils.h">
      <Filter>Header Files</Filter>
    </ClInclude>
    <ClInclude Include="openaes\oaes_common.h">
      <Filter>AES</Filter>
    </ClInclude>
    <ClInclude Include="openaes\oaes_config.h">
      <Filter>AES</Filter>
    </ClInclude>
    <ClInclude Include="openaes\oaes_lib.h">
      <Filter>AES</Filter>
    </ClInclude>
    <ClInclude Include="openaes\standard.h">
      <Filter>AES</Filter>
    </ClInclude>
    <ClInclude Include="ClearKeyBase64.h">
      <Filter>Header Files</Filter>
    </ClInclude>
    <ClInclude Include="ClearKeyAsyncShutdown.h">
      <Filter>Header Files</Filter>
    </ClInclude>
  </ItemGroup>
</Project>